Microsoft Visual Studio Solution File, Format Version 12.00
# Visual Studio 2012
Project("{FAE04EC0-301F-11D3-BF4B-00C04F79EFBC}") = "Kelp", "Kelp\Kelp\Kelp.csproj", "{AA487E40-4F39-46BF-A8FD-E15A146F32BA}"
EndProject
Project("{FAE04EC0-301F-11D3-BF4B-00C04F79EFBC}") = "Kelp.Test", "Kelp\Kelp.Test\Kelp.Test.csproj", "{500E8A15-7A75-4F62-BFFA-49784CC4E851}"
EndProject
Project("{FAE04EC0-301F-11D3-BF4B-00C04F79EFBC}") = "Sage", "Sage\Sage.csproj", "{E647EBD1-64CF-48EB-B20D-0133C24899F6}"
EndProject
Project("{FAE04EC0-301F-11D3-BF4B-00C04F79EFBC}") = "Sage.Test", "Sage.Test\Sage.Test.csproj", "{543D3F4E-E4E1-4EBF-B7A1-CFED434A3EA6}"
EndProject
Project("{2150E333-8FDC-42A3-9474-1A3956D46DE8}") = "Examples", "Examples", "{CA8DD914-A675-4668-97BD-5B9153CD7E99}"
EndProject
Project("{2150E333-8FDC-42A3-9474-1A3956D46DE8}") = "Miscellaneous", "Miscellaneous", "{A4A6A012-83FC-4090-8C86-58DECBEA0821}"
	ProjectSection(SolutionItems) = preProject
		CommonAssemblyInfo.cs = CommonAssemblyInfo.cs
		..\readme.markdown = ..\readme.markdown
		..\sage.build = ..\sage.build
	EndProjectSection
EndProject
Project("{2150E333-8FDC-42A3-9474-1A3956D46DE8}") = "Extensions", "Extensions", "{1D0D8969-502E-4404-9435-5D15895328F7}"
EndProject
Project("{FAE04EC0-301F-11D3-BF4B-00C04F79EFBC}") = "Sage.Tools", "Sage.Tools\Sage.Tools.csproj", "{41EA3ECA-F83D-4CC3-812B-1B10C96F3A1F}"
EndProject
Project("{FAE04EC0-301F-11D3-BF4B-00C04F79EFBC}") = "Documentation", "Examples\Documentation\Documentation.csproj", "{1C77B540-713B-11E1-AFDF-90264924019B}"
EndProject
Project("{FAE04EC0-301F-11D3-BF4B-00C04F79EFBC}") = "Sage.DevTools", "Extensions\Sage.DevTools\Sage.DevTools.csproj", "{4D5A21A6-5313-48B1-933B-A22CDA666944}"
EndProject
Project("{FAE04EC0-301F-11D3-BF4B-00C04F79EFBC}") = "Sage.ClientSide", "Extensions\Sage.ClientSide\Sage.ClientSide.csproj", "{E5F33FD5-0CE1-4040-8574-7EE55F2D47EB}"
EndProject
Project("{2150E333-8FDC-42A3-9474-1A3956D46DE8}") = "Templates", "Templates", "{7942E581-561C-4AC0-BC17-898C6A50F7F5}"
EndProject
Project("{FAE04EC0-301F-11D3-BF4B-00C04F79EFBC}") = "Project", "Templates\Sage Project\Project.csproj", "{D0B9FE1E-9761-4C36-B3C2-5A32CC29FCB9}"
EndProject
Project("{FAE04EC0-301F-11D3-BF4B-00C04F79EFBC}") = "Extension", "Templates\Sage Extension Project\Extension.csproj", "{09F4EE52-19ED-4C54-A6E4-6E1645F0C88B}"
EndProject
Project("{2150E333-8FDC-42A3-9474-1A3956D46DE8}") = ".nuget", ".nuget", "{C187C08D-F5C4-41EB-8097-7C95D6F2EA31}"
	ProjectSection(SolutionItems) = preProject
		.nuget\NuGet.Config = .nuget\NuGet.Config
		.nuget\NuGet.exe = .nuget\NuGet.exe
		.nuget\NuGet.targets = .nuget\NuGet.targets
	EndProjectSection
EndProject
Project("{2150E333-8FDC-42A3-9474-1A3956D46DE8}") = "Kelp", "Kelp", "{1C7B87D0-46B5-441A-B73B-6B63B0C35CA2}"
EndProject
Project("{FAE04EC0-301F-11D3-BF4B-00C04F79EFBC}") = "Kelp.App", "Kelp\Kelp.App\Kelp.App.csproj", "{2CEA4138-7E4E-442E-A50C-32F1FAA0E0CF}"
EndProject
Global
	GlobalSection(SolutionConfigurationPlatforms) = preSolution
		Debug|Any CPU = Debug|Any CPU
		Debug|Mixed Platforms = Debug|Mixed Platforms
		Debug|x86 = Debug|x86
		Release|Any CPU = Release|Any CPU
		Release|Mixed Platforms = Release|Mixed Platforms
		Release|x86 = Release|x86
	EndGlobalSection
	GlobalSection(ProjectConfigurationPlatforms) = postSolution
		{AA487E40-4F39-46BF-A8FD-E15A146F32BA}.Debug|Any CPU.ActiveCfg = Debug|Any CPU
		{AA487E40-4F39-46BF-A8FD-E15A146F32BA}.Debug|Any CPU.Build.0 = Debug|Any CPU
		{AA487E40-4F39-46BF-A8FD-E15A146F32BA}.Debug|Mixed Platforms.ActiveCfg = Debug|Any CPU
		{AA487E40-4F39-46BF-A8FD-E15A146F32BA}.Debug|Mixed Platforms.Build.0 = Debug|Any CPU
		{AA487E40-4F39-46BF-A8FD-E15A146F32BA}.Debug|x86.ActiveCfg = Debug|Any CPU
		{AA487E40-4F39-46BF-A8FD-E15A146F32BA}.Release|Any CPU.ActiveCfg = Release|Any CPU
		{AA487E40-4F39-46BF-A8FD-E15A146F32BA}.Release|Any CPU.Build.0 = Release|Any CPU
		{AA487E40-4F39-46BF-A8FD-E15A146F32BA}.Release|Mixed Platforms.ActiveCfg = Release|Any CPU
		{AA487E40-4F39-46BF-A8FD-E15A146F32BA}.Release|Mixed Platforms.Build.0 = Release|Any CPU
		{AA487E40-4F39-46BF-A8FD-E15A146F32BA}.Release|x86.ActiveCfg = Release|Any CPU
		{500E8A15-7A75-4F62-BFFA-49784CC4E851}.Debug|Any CPU.ActiveCfg = Debug|Any CPU
		{500E8A15-7A75-4F62-BFFA-49784CC4E851}.Debug|Any CPU.Build.0 = Debug|Any CPU
		{500E8A15-7A75-4F62-BFFA-49784CC4E851}.Debug|Mixed Platforms.ActiveCfg = Debug|Any CPU
		{500E8A15-7A75-4F62-BFFA-49784CC4E851}.Debug|Mixed Platforms.Build.0 = Debug|Any CPU
		{500E8A15-7A75-4F62-BFFA-49784CC4E851}.Debug|x86.ActiveCfg = Debug|Any CPU
		{500E8A15-7A75-4F62-BFFA-49784CC4E851}.Release|Any CPU.ActiveCfg = Release|Any CPU
		{500E8A15-7A75-4F62-BFFA-49784CC4E851}.Release|Any CPU.Build.0 = Release|Any CPU
		{500E8A15-7A75-4F62-BFFA-49784CC4E851}.Release|Mixed Platforms.ActiveCfg = Release|Any CPU
		{500E8A15-7A75-4F62-BFFA-49784CC4E851}.Release|Mixed Platforms.Build.0 = Release|Any CPU
		{500E8A15-7A75-4F62-BFFA-49784CC4E851}.Release|x86.ActiveCfg = Release|Any CPU
		{E647EBD1-64CF-48EB-B20D-0133C24899F6}.Debug|Any CPU.ActiveCfg = Debug|Any CPU
		{E647EBD1-64CF-48EB-B20D-0133C24899F6}.Debug|Any CPU.Build.0 = Debug|Any CPU
		{E647EBD1-64CF-48EB-B20D-0133C24899F6}.Debug|Mixed Platforms.ActiveCfg = Debug|Any CPU
		{E647EBD1-64CF-48EB-B20D-0133C24899F6}.Debug|Mixed Platforms.Build.0 = Debug|Any CPU
		{E647EBD1-64CF-48EB-B20D-0133C24899F6}.Debug|x86.ActiveCfg = Debug|Any CPU
		{E647EBD1-64CF-48EB-B20D-0133C24899F6}.Release|Any CPU.ActiveCfg = Release|Any CPU
		{E647EBD1-64CF-48EB-B20D-0133C24899F6}.Release|Any CPU.Build.0 = Release|Any CPU
		{E647EBD1-64CF-48EB-B20D-0133C24899F6}.Release|Mixed Platforms.ActiveCfg = Release|Any CPU
		{E647EBD1-64CF-48EB-B20D-0133C24899F6}.Release|Mixed Platforms.Build.0 = Release|Any CPU
		{E647EBD1-64CF-48EB-B20D-0133C24899F6}.Release|x86.ActiveCfg = Release|Any CPU
		{543D3F4E-E4E1-4EBF-B7A1-CFED434A3EA6}.Debug|Any CPU.ActiveCfg = Debug|Any CPU
		{543D3F4E-E4E1-4EBF-B7A1-CFED434A3EA6}.Debug|Any CPU.Build.0 = Debug|Any CPU
		{543D3F4E-E4E1-4EBF-B7A1-CFED434A3EA6}.Debug|Mixed Platforms.ActiveCfg = Debug|Any CPU
		{543D3F4E-E4E1-4EBF-B7A1-CFED434A3EA6}.Debug|Mixed Platforms.Build.0 = Debug|Any CPU
		{543D3F4E-E4E1-4EBF-B7A1-CFED434A3EA6}.Debug|x86.ActiveCfg = Debug|Any CPU
		{543D3F4E-E4E1-4EBF-B7A1-CFED434A3EA6}.Release|Any CPU.ActiveCfg = Release|Any CPU
		{543D3F4E-E4E1-4EBF-B7A1-CFED434A3EA6}.Release|Any CPU.Build.0 = Release|Any CPU
		{543D3F4E-E4E1-4EBF-B7A1-CFED434A3EA6}.Release|Mixed Platforms.ActiveCfg = Release|Any CPU
		{543D3F4E-E4E1-4EBF-B7A1-CFED434A3EA6}.Release|Mixed Platforms.Build.0 = Release|Any CPU
		{543D3F4E-E4E1-4EBF-B7A1-CFED434A3EA6}.Release|x86.ActiveCfg = Release|Any CPU
		{41EA3ECA-F83D-4CC3-812B-1B10C96F3A1F}.Debug|Any CPU.ActiveCfg = Debug|Any CPU
		{41EA3ECA-F83D-4CC3-812B-1B10C96F3A1F}.Debug|Any CPU.Build.0 = Debug|Any CPU
		{41EA3ECA-F83D-4CC3-812B-1B10C96F3A1F}.Debug|Mixed Platforms.ActiveCfg = Debug|Any CPU
		{41EA3ECA-F83D-4CC3-812B-1B10C96F3A1F}.Debug|Mixed Platforms.Build.0 = Debug|Any CPU
		{41EA3ECA-F83D-4CC3-812B-1B10C96F3A1F}.Debug|x86.ActiveCfg = Debug|x86
		{41EA3ECA-F83D-4CC3-812B-1B10C96F3A1F}.Debug|x86.Build.0 = Debug|x86
		{41EA3ECA-F83D-4CC3-812B-1B10C96F3A1F}.Release|Any CPU.ActiveCfg = Release|Any CPU
		{41EA3ECA-F83D-4CC3-812B-1B10C96F3A1F}.Release|Any CPU.Build.0 = Release|Any CPU
		{41EA3ECA-F83D-4CC3-812B-1B10C96F3A1F}.Release|Mixed Platforms.ActiveCfg = Release|Any CPU
		{41EA3ECA-F83D-4CC3-812B-1B10C96F3A1F}.Release|Mixed Platforms.Build.0 = Release|Any CPU
		{41EA3ECA-F83D-4CC3-812B-1B10C96F3A1F}.Release|x86.ActiveCfg = Release|x86
		{41EA3ECA-F83D-4CC3-812B-1B10C96F3A1F}.Release|x86.Build.0 = Release|x86
		{1C77B540-713B-11E1-AFDF-90264924019B}.Debug|Any CPU.ActiveCfg = Debug|Any CPU
		{1C77B540-713B-11E1-AFDF-90264924019B}.Debug|Any CPU.Build.0 = Debug|Any CPU
		{1C77B540-713B-11E1-AFDF-90264924019B}.Debug|Mixed Platforms.ActiveCfg = Debug|Any CPU
		{1C77B540-713B-11E1-AFDF-90264924019B}.Debug|Mixed Platforms.Build.0 = Debug|Any CPU
		{1C77B540-713B-11E1-AFDF-90264924019B}.Debug|x86.ActiveCfg = Debug|Any CPU
		{1C77B540-713B-11E1-AFDF-90264924019B}.Release|Any CPU.ActiveCfg = Release|Any CPU
		{1C77B540-713B-11E1-AFDF-90264924019B}.Release|Any CPU.Build.0 = Release|Any CPU
		{1C77B540-713B-11E1-AFDF-90264924019B}.Release|Mixed Platforms.ActiveCfg = Release|Any CPU
		{1C77B540-713B-11E1-AFDF-90264924019B}.Release|Mixed Platforms.Build.0 = Release|Any CPU
		{1C77B540-713B-11E1-AFDF-90264924019B}.Release|x86.ActiveCfg = Release|Any CPU
		{4D5A21A6-5313-48B1-933B-A22CDA666944}.Debug|Any CPU.ActiveCfg = Debug|Any CPU
		{4D5A21A6-5313-48B1-933B-A22CDA666944}.Debug|Any CPU.Build.0 = Debug|Any CPU
		{4D5A21A6-5313-48B1-933B-A22CDA666944}.Debug|Mixed Platforms.ActiveCfg = Debug|Any CPU
		{4D5A21A6-5313-48B1-933B-A22CDA666944}.Debug|Mixed Platforms.Build.0 = Debug|Any CPU
		{4D5A21A6-5313-48B1-933B-A22CDA666944}.Debug|x86.ActiveCfg = Debug|Any CPU
		{4D5A21A6-5313-48B1-933B-A22CDA666944}.Release|Any CPU.ActiveCfg = Release|Any CPU
		{4D5A21A6-5313-48B1-933B-A22CDA666944}.Release|Any CPU.Build.0 = Release|Any CPU
		{4D5A21A6-5313-48B1-933B-A22CDA666944}.Release|Mixed Platforms.ActiveCfg = Release|Any CPU
		{4D5A21A6-5313-48B1-933B-A22CDA666944}.Release|Mixed Platforms.Build.0 = Release|Any CPU
		{4D5A21A6-5313-48B1-933B-A22CDA666944}.Release|x86.ActiveCfg = Release|Any CPU
		{E5F33FD5-0CE1-4040-8574-7EE55F2D47EB}.Debug|Any CPU.ActiveCfg = Debug|Any CPU
		{E5F33FD5-0CE1-4040-8574-7EE55F2D47EB}.Debug|Any CPU.Build.0 = Debug|Any CPU
		{E5F33FD5-0CE1-4040-8574-7EE55F2D47EB}.Debug|Mixed Platforms.ActiveCfg = Debug|Any CPU
		{E5F33FD5-0CE1-4040-8574-7EE55F2D47EB}.Debug|Mixed Platforms.Build.0 = Debug|Any CPU
		{E5F33FD5-0CE1-4040-8574-7EE55F2D47EB}.Debug|x86.ActiveCfg = Debug|Any CPU
		{E5F33FD5-0CE1-4040-8574-7EE55F2D47EB}.Release|Any CPU.ActiveCfg = Release|Any CPU
		{E5F33FD5-0CE1-4040-8574-7EE55F2D47EB}.Release|Any CPU.Build.0 = Release|Any CPU
		{E5F33FD5-0CE1-4040-8574-7EE55F2D47EB}.Release|Mixed Platforms.ActiveCfg = Release|Any CPU
		{E5F33FD5-0CE1-4040-8574-7EE55F2D47EB}.Release|Mixed Platforms.Build.0 = Release|Any CPU
		{E5F33FD5-0CE1-4040-8574-7EE55F2D47EB}.Release|x86.ActiveCfg = Release|Any CPU
		{D0B9FE1E-9761-4C36-B3C2-5A32CC29FCB9}.Debug|Any CPU.ActiveCfg = Debug|Any CPU
		{D0B9FE1E-9761-4C36-B3C2-5A32CC29FCB9}.Debug|Any CPU.Build.0 = Debug|Any CPU
		{D0B9FE1E-9761-4C36-B3C2-5A32CC29FCB9}.Debug|Mixed Platforms.ActiveCfg = Debug|Any CPU
		{D0B9FE1E-9761-4C36-B3C2-5A32CC29FCB9}.Debug|Mixed Platforms.Build.0 = Debug|Any CPU
		{D0B9FE1E-9761-4C36-B3C2-5A32CC29FCB9}.Debug|x86.ActiveCfg = Debug|Any CPU
		{D0B9FE1E-9761-4C36-B3C2-5A32CC29FCB9}.Release|Any CPU.ActiveCfg = Release|Any CPU
		{D0B9FE1E-9761-4C36-B3C2-5A32CC29FCB9}.Release|Any CPU.Build.0 = Release|Any CPU
		{D0B9FE1E-9761-4C36-B3C2-5A32CC29FCB9}.Release|Mixed Platforms.ActiveCfg = Release|Any CPU
		{D0B9FE1E-9761-4C36-B3C2-5A32CC29FCB9}.Release|Mixed Platforms.Build.0 = Release|Any CPU
		{D0B9FE1E-9761-4C36-B3C2-5A32CC29FCB9}.Release|x86.ActiveCfg = Release|Any CPU
		{09F4EE52-19ED-4C54-A6E4-6E1645F0C88B}.Debug|Any CPU.ActiveCfg = Debug|Any CPU
		{09F4EE52-19ED-4C54-A6E4-6E1645F0C88B}.Debug|Any CPU.Build.0 = Debug|Any CPU
		{09F4EE52-19ED-4C54-A6E4-6E1645F0C88B}.Debug|Mixed Platforms.ActiveCfg = Debug|Any CPU
		{09F4EE52-19ED-4C54-A6E4-6E1645F0C88B}.Debug|Mixed Platforms.Build.0 = Debug|Any CPU
		{09F4EE52-19ED-4C54-A6E4-6E1645F0C88B}.Debug|x86.ActiveCfg = Debug|Any CPU
		{09F4EE52-19ED-4C54-A6E4-6E1645F0C88B}.Release|Any CPU.ActiveCfg = Release|Any CPU
		{09F4EE52-19ED-4C54-A6E4-6E1645F0C88B}.Release|Any CPU.Build.0 = Release|Any CPU
		{09F4EE52-19ED-4C54-A6E4-6E1645F0C88B}.Release|Mixed Platforms.ActiveCfg = Release|Any CPU
		{09F4EE52-19ED-4C54-A6E4-6E1645F0C88B}.Release|Mixed Platforms.Build.0 = Release|Any CPU
		{09F4EE52-19ED-4C54-A6E4-6E1645F0C88B}.Release|x86.ActiveCfg = Release|Any CPU
		{2CEA4138-7E4E-442E-A50C-32F1FAA0E0CF}.Debug|Any CPU.ActiveCfg = Debug|Any CPU
		{2CEA4138-7E4E-442E-A50C-32F1FAA0E0CF}.Debug|Any CPU.Build.0 = Debug|Any CPU
		{2CEA4138-7E4E-442E-A50C-32F1FAA0E0CF}.Debug|Mixed Platforms.ActiveCfg = Debug|Any CPU
		{2CEA4138-7E4E-442E-A50C-32F1FAA0E0CF}.Debug|Mixed Platforms.Build.0 = Debug|Any CPU
		{2CEA4138-7E4E-442E-A50C-32F1FAA0E0CF}.Debug|x86.ActiveCfg = Debug|Any CPU
		{2CEA4138-7E4E-442E-A50C-32F1FAA0E0CF}.Release|Any CPU.ActiveCfg = Release|Any CPU
		{2CEA4138-7E4E-442E-A50C-32F1FAA0E0CF}.Release|Any CPU.Build.0 = Release|Any CPU
		{2CEA4138-7E4E-442E-A50C-32F1FAA0E0CF}.Release|Mixed Platforms.ActiveCfg = Release|Any CPU
		{2CEA4138-7E4E-442E-A50C-32F1FAA0E0CF}.Release|Mixed Platforms.Build.0 = Release|Any CPU
		{2CEA4138-7E4E-442E-A50C-32F1FAA0E0CF}.Release|x86.ActiveCfg = Release|Any CPU
	EndGlobalSection
	GlobalSection(SolutionProperties) = preSolution
		HideSolutionNode = FALSE
	EndGlobalSection
	GlobalSection(NestedProjects) = preSolution
		{1C77B540-713B-11E1-AFDF-90264924019B} = {CA8DD914-A675-4668-97BD-5B9153CD7E99}
		{4D5A21A6-5313-48B1-933B-A22CDA666944} = {1D0D8969-502E-4404-9435-5D15895328F7}
		{E5F33FD5-0CE1-4040-8574-7EE55F2D47EB} = {1D0D8969-502E-4404-9435-5D15895328F7}
		{D0B9FE1E-9761-4C36-B3C2-5A32CC29FCB9} = {7942E581-561C-4AC0-BC17-898C6A50F7F5}
		{09F4EE52-19ED-4C54-A6E4-6E1645F0C88B} = {7942E581-561C-4AC0-BC17-898C6A50F7F5}
		{AA487E40-4F39-46BF-A8FD-E15A146F32BA} = {1C7B87D0-46B5-441A-B73B-6B63B0C35CA2}
		{500E8A15-7A75-4F62-BFFA-49784CC4E851} = {1C7B87D0-46B5-441A-B73B-6B63B0C35CA2}
		{2CEA4138-7E4E-442E-A50C-32F1FAA0E0CF} = {1C7B87D0-46B5-441A-B73B-6B63B0C35CA2}
	EndGlobalSection
EndGlobal
